{
  "lockfileVersion": 1,
  "workspaces": {
    "": {
      "name": "app",
      "dependencies": {
        "altair-static": "^8.1.6",
        "graphql-ws": "^5.16.0",
        "graphql-yoga": "^5.12.1",
        "prettier": "^3.5.3",
      },
      "devDependencies": {
        "@envelop/types": "^5.1.1",
        "bun-types": "latest",
      },
    },
  },
  "packages": {
    "@envelop/core": ["@envelop/core@5.1.1", "", { "dependencies": { "@envelop/types": "^5.1.1", "@whatwg-node/promise-helpers": "^1.0.0", "tslib": "^2.5.0" } }, "sha512-6+OukzuNsm33DtLnOats3e7VnnHndqINJbp/vlIyIlSGBc/wtgQiTAijNWwHhnozHc7WmCKzTsPSrGObvkJazg=="],

    "@envelop/types": ["@envelop/types@5.1.1", "", { "dependencies": { "@whatwg-node/promise-helpers": "^1.0.0", "tslib": "^2.5.0" } }, "sha512-uJyCPQRSqxH/4q8/TTTY2fMYIK/Tgv1IhOm6aFUUxuE/EI7muJM/UI85iv9Qo1OCpaafthwRLWzufRp20FyXaA=="],

    "@graphql-tools/executor": ["@graphql-tools/executor@1.4.2", "", { "dependencies": { "@graphql-tools/utils": "^10.8.3", "@graphql-typed-document-node/core": "^3.2.0", "@repeaterjs/repeater": "^3.0.4", "@whatwg-node/disposablestack": "^0.0.6", "@whatwg-node/promise-helpers": "^1.0.0", "tslib": "^2.4.0" }, "peerDependencies": { "graphql": "^14.0.0 || ^15.0.0 || ^16.0.0 || ^17.0.0" } }, "sha512-TzXh4SIfkOp969xeX3Z2dArzLXisAuj+YOnlhqphX+rC/OzZ1m4cZxsxaqosp/hTwlt5xXJFCoOPYjHEAU42Rw=="],

    "@graphql-tools/merge": ["@graphql-tools/merge@9.0.21", "", { "dependencies": { "@graphql-tools/utils": "^10.8.3", "tslib": "^2.4.0" }, "peerDependencies": { "graphql": "^14.0.0 || ^15.0.0 || ^16.0.0 || ^17.0.0" } }, "sha512-5EiVL2InZeBlsZXlXjqyNMD697QP44j/dipXEogHlZcZzWEP/JTDwx9hTfFbmrePVR8+p89gFg1tE25iEgSong=="],

    "@graphql-tools/schema": ["@graphql-tools/schema@10.0.20", "", { "dependencies": { "@graphql-tools/merge": "^9.0.21", "@graphql-tools/utils": "^10.8.3", "tslib": "^2.4.0" }, "peerDependencies": { "graphql": "^14.0.0 || ^15.0.0 || ^16.0.0 || ^17.0.0" } }, "sha512-BmDqXS9gHJF2Cl1k+IOiPCYWApBU6LhqSEPc8WmAxn08HtmhKoCizwiUuWtt8SOV67yoMzC1zJFkBdm3wZX9Fw=="],

    "@graphql-tools/utils": ["@graphql-tools/utils@10.8.3", "", { "dependencies": { "@graphql-typed-document-node/core": "^3.1.1", "@whatwg-node/promise-helpers": "^1.0.0", "cross-inspect": "1.0.1", "dset": "^3.1.4", "tslib": "^2.4.0" }, "peerDependencies": { "graphql": "^14.0.0 || ^15.0.0 || ^16.0.0 || ^17.0.0" } }, "sha512-4QCvx3SWRsbH7wnktl51mBek+zE9hsjsv796XVlJlOUdWpAghJmA3ID2P7/Vwuy7BivVNfuAKe4ucUdE1fG7vA=="],

    "@graphql-typed-document-node/core": ["@graphql-typed-document-node/core@3.2.0", "", { "peerDependencies": { "graphql": "^0.8.0 || ^0.9.0 || ^0.10.0 || ^0.11.0 || ^0.12.0 || ^0.13.0 || ^14.0.0 || ^15.0.0 || ^16.0.0 || ^17.0.0" } }, "sha512-mB9oAsNCm9aM3/SOv4YtBMqZbYj10R7dkq8byBqxGY/ncFwhf2oQzMV+LCRlWoDSEBJ3COiR1yeDvMtsoOsuFQ=="],

    "@graphql-yoga/logger": ["@graphql-yoga/logger@2.0.1", "", { "dependencies": { "tslib": "^2.8.1" } }, "sha512-Nv0BoDGLMg9QBKy9cIswQ3/6aKaKjlTh87x3GiBg2Z4RrjyrM48DvOOK0pJh1C1At+b0mUIM67cwZcFTDLN4sA=="],

    "@graphql-yoga/subscription": ["@graphql-yoga/subscription@5.0.3", "", { "dependencies": { "@graphql-yoga/typed-event-target": "^3.0.2", "@repeaterjs/repeater": "^3.0.4", "@whatwg-node/events": "^0.1.0", "tslib": "^2.8.1" } }, "sha512-xLGEataxCULjL9rlTCVFL1IW2E90TnDIL+mE4lZBi9X92jc6s+Q+jk6Ax3I98kryCJh0UMiwjit7CaIIczTiJg=="],

    "@graphql-yoga/typed-event-target": ["@graphql-yoga/typed-event-target@3.0.2", "", { "dependencies": { "@repeaterjs/repeater": "^3.0.4", "tslib": "^2.8.1" } }, "sha512-ZpJxMqB+Qfe3rp6uszCQoag4nSw42icURnBRfFYSOmTgEeOe4rD0vYlbA8spvCu2TlCesNTlEN9BLWtQqLxabA=="],

    "@repeaterjs/repeater": ["@repeaterjs/repeater@3.0.6", "", {}, "sha512-Javneu5lsuhwNCryN+pXH93VPQ8g0dBX7wItHFgYiwQmzE1sVdg5tWHiOgHywzL2W21XQopa7IwIEnNbmeUJYA=="],

    "@types/node": ["@types/node@22.13.7", "", { "dependencies": { "undici-types": "~6.20.0" } }, "sha512-oU2q+BsQldB9lYxHNp/5aZO+/Bs0Usa74Abo9mAKulz4ahQyXRHK6UVKYIN8KSC8HXwhWSi7b49JnX+txuac0w=="],

    "@types/ws": ["@types/ws@8.5.14", "", { "dependencies": { "@types/node": "*" } }, "sha512-bd/YFLW+URhBzMXurx7lWByOu+xzU9+kb3RboOteXYDfW+tr+JZa99OyNmPINEGB/ahzKrEuc8rcv4gnpJmxTw=="],

    "@whatwg-node/disposablestack": ["@whatwg-node/disposablestack@0.0.6", "", { "dependencies": { "@whatwg-node/promise-helpers": "^1.0.0", "tslib": "^2.6.3" } }, "sha512-LOtTn+JgJvX8WfBVJtF08TGrdjuFzGJc4mkP8EdDI8ADbvO7kiexYep1o8dwnt0okb0jYclCDXF13xU7Ge4zSw=="],

    "@whatwg-node/events": ["@whatwg-node/events@0.1.2", "", { "dependencies": { "tslib": "^2.6.3" } }, "sha512-ApcWxkrs1WmEMS2CaLLFUEem/49erT3sxIVjpzU5f6zmVcnijtDSrhoK2zVobOIikZJdH63jdAXOrvjf6eOUNQ=="],

    "@whatwg-node/fetch": ["@whatwg-node/fetch@0.10.5", "", { "dependencies": { "@whatwg-node/node-fetch": "^0.7.11", "urlpattern-polyfill": "^10.0.0" } }, "sha512-+yFJU3hmXPAHJULwx0VzCIsvr/H0lvbPvbOH3areOH3NAuCxCwaJsQ8w6/MwwMcvEWIynSsmAxoyaH04KeosPg=="],

    "@whatwg-node/node-fetch": ["@whatwg-node/node-fetch@0.7.12", "", { "dependencies": { "@whatwg-node/disposablestack": "^0.0.6", "@whatwg-node/promise-helpers": "^1.0.0", "busboy": "^1.6.0", "tslib": "^2.6.3" } }, "sha512-ec9ZPDImceXD9gShv0VTc6q0waZ7ccpiYXNbAeGMjGQAZ8hkAeAYOXoiJsfaHO5Pt0UR+SbNVTJGP2aeFMYz0Q=="],

    "@whatwg-node/promise-helpers": ["@whatwg-node/promise-helpers@1.2.1", "", { "dependencies": { "tslib": "^2.6.3" } }, "sha512-+faGtJlS4U8NSaSzRVN37xAprPdhoobYzUSUo4DgH8APtfFyizmNxp0ckwKcURoL8cy2B+bKxOWU/VIH2nFeLg=="],

    "@whatwg-node/server": ["@whatwg-node/server@0.9.70", "", { "dependencies": { "@whatwg-node/disposablestack": "^0.0.6", "@whatwg-node/fetch": "^0.10.5", "@whatwg-node/promise-helpers": "^1.0.0", "tslib": "^2.6.3" } }, "sha512-YjZgF5E29R8QwtYo5WWIERXA0Hn7TSmrpVsIGYZpJDSQNE0gFpcsijmzxpviYtSm69Ayu8B9xOg+EFVk+sVtgA=="],

    "altair-static": ["altair-static@8.1.6", "", {}, "sha512-iB/Qe5wieTbfhQoEtYdd6nufgw7PGIpQtSyXP21/dr7YbCS0EuZjHON6ZWKc4DwJgYp4BTjMbTW7DlvNIqkfxQ=="],

    "bun-types": ["bun-types@1.2.4", "", { "dependencies": { "@types/node": "*", "@types/ws": "~8.5.10" } }, "sha512-nDPymR207ZZEoWD4AavvEaa/KZe/qlrbMSchqpQwovPZCKc7pwMoENjEtHgMKaAjJhy+x6vfqSBA1QU3bJgs0Q=="],

    "busboy": ["busboy@1.6.0", "", { "dependencies": { "streamsearch": "^1.1.0" } }, "sha512-8SFQbg/0hQ9xy3UNTB0YEnsNBbWfhf7RtnzpL7TkBiTBRfrQ9Fxcnz7VJsleJpyp6rVLvXiuORqjlHi5q+PYuA=="],

    "cross-inspect": ["cross-inspect@1.0.1", "", { "dependencies": { "tslib": "^2.4.0" } }, "sha512-Pcw1JTvZLSJH83iiGWt6fRcT+BjZlCDRVwYLbUcHzv/CRpB7r0MlSrGbIyQvVSNyGnbt7G4AXuyCiDR3POvZ1A=="],

    "dset": ["dset@3.1.4", "", {}, "sha512-2QF/g9/zTaPDc3BjNcVTGoBbXBgYfMTTceLaYcFJ/W9kggFUkhxD/hMEeuLKbugyef9SqAx8cpgwlIP/jinUTA=="],

    "graphql": ["graphql@16.10.0", "", {}, "sha512-AjqGKbDGUFRKIRCP9tCKiIGHyriz2oHEbPIbEtcSLSs4YjReZOIPQQWek4+6hjw62H9QShXHyaGivGiYVLeYFQ=="],

    "graphql-ws": ["graphql-ws@5.16.2", "", { "peerDependencies": { "graphql": ">=0.11 <=16" } }, "sha512-E1uccsZxt/96jH/OwmLPuXMACILs76pKF2i3W861LpKBCYtGIyPQGtWLuBLkND4ox1KHns70e83PS4te50nvPQ=="],

    "graphql-yoga": ["graphql-yoga@5.12.1", "", { "dependencies": { "@envelop/core": "^5.0.2", "@graphql-tools/executor": "^1.4.0", "@graphql-tools/schema": "^10.0.11", "@graphql-tools/utils": "^10.6.2", "@graphql-yoga/logger": "^2.0.1", "@graphql-yoga/subscription": "^5.0.3", "@whatwg-node/fetch": "^0.10.5", "@whatwg-node/server": "^0.9.69", "dset": "^3.1.4", "lru-cache": "^10.0.0", "tslib": "^2.8.1" }, "peerDependencies": { "graphql": "^15.2.0 || ^16.0.0" } }, "sha512-5XI+SNkwJQoACoSWDKzBjHpbd6V32tZZ68lpJZ/7uvAq5kzTLPmsi1V7trOA/k1GDf+XYaeUnpl8dqWDtohdeg=="],

    "lru-cache": ["lru-cache@10.4.3", "", {}, "sha512-JNAzZcXrCt42VGLuYz0zfAzDfAvJWW6AfYlDBQyDV5DClI2m5sAmK+OIO7s59XfsRsWHp02jAJrRadPRGTt6SQ=="],

    "prettier": ["prettier@3.5.3", "", { "bin": { "prettier": "bin/prettier.cjs" } }, "sha512-QQtaxnoDJeAkDvDKWCLiwIXkTgRhwYDEQCghU9Z6q03iyek/rxRh/2lC3HB7P8sWT2xC/y5JDctPLBIGzHKbhw=="],

    "streamsearch": ["streamsearch@1.1.0", "", {}, "sha512-Mcc5wHehp9aXz1ax6bZUyY5afg9u2rv5cqQI3mRrYkGC8rW2hM02jWuwjtL++LS5qinSyhj2QfLyNsuc+VsExg=="],

    "tslib": ["tslib@2.8.1", "", {}, "sha512-oJFu94HQb+KVduSUQL7wnpmqnfmLsOA/nAh6b6EH0wCEoK0/mPeXU6c3wKDV83MkOuHPRHtSXKKU99IBazS/2w=="],

    "undici-types": ["undici-types@6.20.0", "", {}, "sha512-Ny6QZ2Nju20vw1SRHe3d9jVu6gJ+4e3+MMpqu7pqE5HT6WsTSlce++GQmK5UXS8mzV8DSYHrQH+Xrf2jVcuKNg=="],

    "urlpattern-polyfill": ["urlpattern-polyfill@10.0.0", "", {}, "sha512-H/A06tKD7sS1O1X2SshBVeA5FLycRpjqiBeqGKmBwBDBy28EnRjORxTNe269KSSr5un5qyWi1iL61wLxpd+ZOg=="],
  }
}
